// !$*UTF8*$!
{
	archiveVersion = 1;
	classes = {
	};
	objectVersion = 77;
	objects = {

/* Begin PBXBuildFile section */
		3D04EEF82EA060CC0032E216 /* LocalizeAR in Frameworks */ = {isa = PBXBuildFile; productRef = 3D04EEF72EA060CC0032E216 /* LocalizeAR */; };
/* End PBXBuildFile section */

/* Begin PBXContainerItemProxy section */
		3D19E6C42EA05EFC00103CD9 /* PBXContainerItemProxy */ = {
			isa = PBXContainerItemProxy;
			containerPortal = 3D19E6AD2EA05EFA00103CD9 /* Project object */;
			proxyType = 1;
			remoteGlobalIDString = 3D19E6B42EA05EFA00103CD9;
			remoteInfo = LARBenchmark;
		};
		3D19E6CE2EA05EFC00103CD9 /* PBXContainerItemProxy */ = {
			isa = PBXContainerItemProxy;
			containerPortal = 3D19E6AD2EA05EFA00103CD9 /* Project object */;
			proxyType = 1;
			remoteGlobalIDString = 3D19E6B42EA05EFA00103CD9;
			remoteInfo = LARBenchmark;
		};
/* End PBXContainerItemProxy section */

/* Begin PBXFileReference section */
		3D19E6B52EA05EFA00103CD9 /* LARBenchmark.app */ = {isa = PBXFileReference; explicitFileType = wrapper.application; includeInIndex = 0; path = LARBenchmark.app; sourceTree = BUILT_PRODUCTS_DIR; };
		3D19E6C32EA05EFC00103CD9 /* LARBenchmarkTests.xctest */ = {isa = PBXFileReference; explicitFileType = wrapper.cfbundle; includeInIndex = 0; path = LARBenchmarkTests.xctest; sourceTree = BUILT_PRODUCTS_DIR; };
		3D19E6CD2EA05EFC00103CD9 /* LARBenchmarkUITests.xctest */ = {isa = PBXFileReference; explicitFileType = wrapper.cfbundle; includeInIndex = 0; path = LARBenchmarkUITests.xctest; sourceTree = BUILT_PRODUCTS_DIR; };
/* End PBXFileReference section */

/* Begin PBXFileSystemSynchronizedRootGroup section */
		3D19E6B72EA05EFA00103CD9 /* LARBenchmark */ = {
			isa = PBXFileSystemSynchronizedRootGroup;
			path = LARBenchmark;
			sourceTree = "<group>";
		};
		3D19E6C62EA05EFC00103CD9 /* LARBenchmarkTests */ = {
			isa = PBXFileSystemSynchronizedRootGroup;
			path = LARBenchmarkTests;
			sourceTree = "<group>";
		};
		3D19E6D02EA05EFC00103CD9 /* LARBenchmarkUITests */ = {
			isa = PBXFileSystemSynchronizedRootGroup;
			path = LARBenchmarkUITests;
			sourceTree = "<group>";
		};
/* End PBXFileSystemSynchronizedRootGroup section */

/* Begin PBXFrameworksBuildPhase section */
		3D19E6B22EA05EFA00103CD9 /* Frameworks */ = {
			isa = PBXFrameworksBuildPhase;
			buildActionMask = 2147483647;
			files = (
				3D04EEF82EA060CC0032E216 /* LocalizeAR in Frameworks */,
			);
			runOnlyForDeploymentPostprocessing = 0;
		};
		3D19E6C02EA05EFC00103CD9 /* Frameworks */ = {
			isa = PBXFrameworksBuildPhase;
			buildActionMask = 2147483647;
			files = (
			);
			runOnlyForDeploymentPostprocessing = 0;
		};
		3D19E6CA2EA05EFC00103CD9 /* Frameworks */ = {
			isa = PBXFrameworksBuildPhase;
			buildActionMask = 2147483647;
			files = (
			);
			runOnlyForDeploymentPostprocessing = 0;
		};
/* End PBXFrameworksBuildPhase section */

/* Begin PBXGroup section */
		3D04EEF62EA060CC0032E216 /* Frameworks */ = {
			isa = PBXGroup;
			children = (
			);
			name = Frameworks;
			sourceTree = "<group>";
		};
		3D19E6AC2EA05EFA00103CD9 = {
			isa = PBXGroup;
			children = (
				3D19E6B72EA05EFA00103CD9 /* LARBenchmark */,
				3D19E6C62EA05EFC00103CD9 /* LARBenchmarkTests */,
				3D19E6D02EA05EFC00103CD9 /* LARBenchmarkUITests */,
				3D04EEF62EA060CC0032E216 /* Frameworks */,
				3D19E6B62EA05EFA00103CD9 /* Products */,
			);
			sourceTree = "<group>";
		};
		3D19E6B62EA05EFA00103CD9 /* Products */ = {
			isa = PBXGroup;
			children = (
				3D19E6B52EA05EFA00103CD9 /* LARBenchmark.app */,
				3D19E6C32EA05EFC00103CD9 /* LARBenchmarkTests.xctest */,
				3D19E6CD2EA05EFC00103CD9 /* LARBenchmarkUITests.xctest */,
			);
			name = Products;
			sourceTree = "<group>";
		};
/* End PBXGroup section */

/* Begin PBXNativeTarget section */
		3D19E6B42EA05EFA00103CD9 /* LARBenchmark */ = {
			isa = PBXNativeTarget;
			buildConfigurationList = 3D19E6D72EA05EFC00103CD9 /* Build configuration list for PBXNativeTarget "LARBenchmark" */;
			buildPhases = (
				3D19E6B12EA05EFA00103CD9 /* Sources */,
				3D19E6B22EA05EFA00103CD9 /* Frameworks */,
				3D19E6B32EA05EFA00103CD9 /* Resources */,
			);
			buildRules = (
			);
			dependencies = (
			);
			fileSystemSynchronizedGroups = (
				3D19E6B72EA05EFA00103CD9 /* LARBenchmark */,
			);
			name = LARBenchmark;
			packageProductDependencies = (
				3D04EEF72EA060CC0032E216 /* LocalizeAR */,
			);
			productName = LARBenchmark;
			productReference = 3D19E6B52EA05EFA00103CD9 /* LARBenchmark.app */;
			productType = "com.apple.product-type.application";
		};
		3D19E6C22EA05EFC00103CD9 /* LARBenchmarkTests */ = {
			isa = PBXNativeTarget;
			buildConfigurationList = 3D19E6DA2EA05EFC00103CD9 /* Build configuration list for PBXNativeTarget "LARBenchmarkTests" */;
			buildPhases = (
				3D19E6BF2EA05EFC00103CD9 /* Sources */,
				3D19E6C02EA05EFC00103CD9 /* Frameworks */,
				3D19E6C12EA05EFC00103CD9 /* Resources */,
			);
			buildRules = (
			);
			dependencies = (
				3D19E6C52EA05EFC00103CD9 /* PBXTargetDependency */,
			);
			fileSystemSynchronizedGroups = (
				3D19E6C62EA05EFC00103CD9 /* LARBenchmarkTests */,
			);
			name = LARBenchmarkTests;
			packageProductDependencies = (
			);
			productName = LARBenchmarkTests;
			productReference = 3D19E6C32EA05EFC00103CD9 /* LARBenchmarkTests.xctest */;
			productType = "com.apple.product-type.bundle.unit-test";
		};
		3D19E6CC2EA05EFC00103CD9 /* LARBenchmarkUITests */ = {
			isa = PBXNativeTarget;
			buildConfigurationList = 3D19E6DD2EA05EFC00103CD9 /* Build configuration list for PBXNativeTarget "LARBenchmarkUITests" */;
			buildPhases = (
				3D19E6C92EA05EFC00103CD9 /* Sources */,
				3D19E6CA2EA05EFC00103CD9 /* Frameworks */,
				3D19E6CB2EA05EFC00103CD9 /* Resources */,
			);
			buildRules = (
			);
			dependencies = (
				3D19E6CF2EA05EFC00103CD9 /* PBXTargetDependency */,
			);
			fileSystemSynchronizedGroups = (
				3D19E6D02EA05EFC00103CD9 /* LARBenchmarkUITests */,
			);
			name = LARBenchmarkUITests;
			packageProductDependencies = (
			);
			productName = LARBenchmarkUITests;
			productReference = 3D19E6CD2EA05EFC00103CD9 /* LARBenchmarkUITests.xctest */;
			productType = "com.apple.product-type.bundle.ui-testing";
		};
/* End PBXNativeTarget section */

/* Begin PBXProject section */
		3D19E6AD2EA05EFA00103CD9 /* Project object */ = {
			isa = PBXProject;
			attributes = {
				BuildIndependentTargetsInParallel = 1;
				LastSwiftUpdateCheck = 1640;
				LastUpgradeCheck = 1640;
				TargetAttributes = {
					3D19E6B42EA05EFA00103CD9 = {
						CreatedOnToolsVersion = 16.4;
					};
					3D19E6C22EA05EFC00103CD9 = {
						CreatedOnToolsVersion = 16.4;
						TestTargetID = 3D19E6B42EA05EFA00103CD9;
					};
					3D19E6CC2EA05EFC00103CD9 = {
						CreatedOnToolsVersion = 16.4;
						TestTargetID = 3D19E6B42EA05EFA00103CD9;
					};
				};
			};
			buildConfigurationList = 3D19E6B02EA05EFA00103CD9 /* Build configuration list for PBXProject "LARBenchmark" */;
			developmentRegion = en;
			hasScannedForEncodings = 0;
			knownRegions = (
				en,
				Base,
			);
			mainGroup = 3D19E6AC2EA05EFA00103CD9;
			minimizedProjectReferenceProxies = 1;
			packageReferences = (
				3D19E7192EA0602700103CD9 /* XCLocalSwiftPackageReference "../../../lar-swift" */,
			);
			preferredProjectObjectVersion = 77;
			productRefGroup = 3D19E6B62EA05EFA00103CD9 /* Products */;
			projectDirPath = "";
			projectRoot = "";
			targets = (
				3D19E6B42EA05EFA00103CD9 /* LARBenchmark */,
				3D19E6C22EA05EFC00103CD9 /* LARBenchmarkTests */,
				3D19E6CC2EA05EFC00103CD9 /* LARBenchmarkUITests */,
			);
		};
/* End PBXProject section */

/* Begin PBXResourcesBuildPhase section */
		3D19E6B32EA05EFA00103CD9 /* Resources */ = {
			isa = PBXResourcesBuildPhase;
			buildActionMask = 2147483647;
			files = (
			);
			runOnlyForDeploymentPostprocessing = 0;
		};
		3D19E6C12EA05EFC00103CD9 /* Resources */ = {
			isa = PBXResourcesBuildPhase;
			buildActionMask = 2147483647;
			files = (
			);
			runOnlyForDeploymentPostprocessing = 0;
		};
		3D19E6CB2EA05EFC00103CD9 /* Resources */ = {
			isa = PBXResourcesBuildPhase;
			buildActionMask = 2147483647;
			files = (
			);
			runOnlyForDeploymentPostprocessing = 0;
		};
/* End PBXResourcesBuildPhase section */

/* Begin PBXSourcesBuildPhase section */
		3D19E6B12EA05EFA00103CD9 /* Sources */ = {
			isa = PBXSourcesBuildPhase;
			buildActionMask = 2147483647;
			files = (
			);
			runOnlyForDeploymentPostprocessing = 0;
		};
		3D19E6BF2EA05EFC00103CD9 /* Sources */ = {
			isa = PBXSourcesBuildPhase;
			buildActionMask = 2147483647;
			files = (
			);
			runOnlyForDeploymentPostprocessing = 0;
		};
		3D19E6C92EA05EFC00103CD9 /* Sources */ = {
			isa = PBXSourcesBuildPhase;
			buildActionMask = 2147483647;
			files = (
			);
			runOnlyForDeploymentPostprocessing = 0;
		};
/* End PBXSourcesBuildPhase section */

/* Begin PBXTargetDependency section */
		3D19E6C52EA05EFC00103CD9 /* PBXTargetDependency */ = {
			isa = PBXTargetDependency;
			target = 3D19E6B42EA05EFA00103CD9 /* LARBenchmark */;
			targetProxy = 3D19E6C42EA05EFC00103CD9 /* PBXContainerItemProxy */;
		};
		3D19E6CF2EA05EFC00103CD9 /* PBXTargetDependency */ = {
			isa = PBXTargetDependency;
			target = 3D19E6B42EA05EFA00103CD9 /* LARBenchmark */;
			targetProxy = 3D19E6CE2EA05EFC00103CD9 /* PBXContainerItemProxy */;
		};
/* End PBXTargetDependency section */

/* Begin XCBuildConfiguration section */
		3D19E6D52EA05EFC00103CD9 /* Debug */ = {
			isa = XCBuildConfiguration;
			buildSettings = {
				ALWAYS_SEARCH_USER_PATHS = NO;
				ASSETCATALOG_COMPILER_GENERATE_SWIFT_ASSET_SYMBOL_EXTENSIONS = YES;
				CLANG_ANALYZER_NONNULL = YES;
				CLANG_ANALYZER_NUMBER_OBJECT_CONVERSION = YES_AGGRESSIVE;
				CLANG_CXX_LANGUAGE_STANDARD = "gnu++20";
				CLANG_ENABLE_MODULES = YES;
				CLANG_ENABLE_OBJC_ARC = YES;
				CLANG_ENABLE_OBJC_WEAK = YES;
				CLANG_WARN_BLOCK_CAPTURE_AUTORELEASING = YES;
				CLANG_WARN_BOOL_CONVERSION = YES;
				CLANG_WARN_COMMA = YES;
				CLANG_WARN_CONSTANT_CONVERSION = YES;
				CLANG_WARN_DEPRECATED_OBJC_IMPLEMENTATIONS = YES;
				CLANG_WARN_DIRECT_OBJC_ISA_USAGE = YES_ERROR;
				CLANG_WARN_DOCUMENTATION_COMMENTS = YES;
				CLANG_WARN_EMPTY_BODY = YES;
				CLANG_WARN_ENUM_CONVERSION = YES;
				CLANG_WARN_INFINITE_RECURSION = YES;
				CLANG_WARN_INT_CONVERSION = YES;
				CLANG_WARN_NON_LITERAL_NULL_CONVERSION = YES;
				CLANG_WARN_OBJC_IMPLICIT_RETAIN_SELF = YES;
				CLANG_WARN_OBJC_LITERAL_CONVERSION = YES;
				CLANG_WARN_OBJC_ROOT_CLASS = YES_ERROR;
				CLANG_WARN_QUOTED_INCLUDE_IN_FRAMEWORK_HEADER = YES;
				CLANG_WARN_RANGE_LOOP_ANALYSIS = YES;
				CLANG_WARN_STRICT_PROTOTYPES = YES;
				CLANG_WARN_SUSPICIOUS_MOVE = YES;
				CLANG_WARN_UNGUARDED_AVAILABILITY = YES_AGGRESSIVE;
				CLANG_WARN_UNREACHABLE_CODE = YES;
				CLANG_WARN__DUPLICATE_METHOD_MATCH = YES;
				COPY_PHASE_STRIP = NO;
				DEBUG_INFORMATION_FORMAT = dwarf;
				DEVELOPMENT_TEAM = Q74A2VY23K;
				ENABLE_STRICT_OBJC_MSGSEND = YES;
				ENABLE_TESTABILITY = YES;
				ENABLE_USER_SCRIPT_SANDBOXING = YES;
				GCC_C_LANGUAGE_STANDARD = gnu17;
				GCC_DYNAMIC_NO_PIC = NO;
				GCC_NO_COMMON_BLOCKS = YES;
				GCC_OPTIMIZATION_LEVEL = 0;
				GCC_PREPROCESSOR_DEFINITIONS = (
					"DEBUG=1",
					"$(inherited)",
				);
				GCC_WARN_64_TO_32_BIT_CONVERSION = YES;
				GCC_WARN_ABOUT_RETURN_TYPE = YES_ERROR;
				GCC_WARN_UNDECLARED_SELECTOR = YES;
				GCC_WARN_UNINITIALIZED_AUTOS = YES_AGGRESSIVE;
				GCC_WARN_UNUSED_FUNCTION = YES;
				GCC_WARN_UNUSED_VARIABLE = YES;
				LOCALIZATION_PREFERS_STRING_CATALOGS = YES;
				MACOSX_DEPLOYMENT_TARGET = 15.5;
				MTL_ENABLE_DEBUG_INFO = INCLUDE_SOURCE;
				MTL_FAST_MATH = YES;
				ONLY_ACTIVE_ARCH = YES;
				SDKROOT = macosx;
				SWIFT_ACTIVE_COMPILATION_CONDITIONS = "DEBUG $(inherited)";
				SWIFT_OPTIMIZATION_LEVEL = "-Onone";
			};
			name = Debug;
		};
		3D19E6D62EA05EFC00103CD9 /* Release */ = {
			isa = XCBuildConfiguration;
			buildSettings = {
				ALWAYS_SEARCH_USER_PATHS = NO;
				ASSETCATALOG_COMPILER_GENERATE_SWIFT_ASSET_SYMBOL_EXTENSIONS = YES;
				CLANG_ANALYZER_NONNULL = YES;
				CLANG_ANALYZER_NUMBER_OBJECT_CONVERSION = YES_AGGRESSIVE;
				CLANG_CXX_LANGUAGE_STANDARD = "gnu++20";
				CLANG_ENABLE_MODULES = YES;
				CLANG_ENABLE_OBJC_ARC = YES;
				CLANG_ENABLE_OBJC_WEAK = YES;
				CLANG_WARN_BLOCK_CAPTURE_AUTORELEASING = YES;
				CLANG_WARN_BOOL_CONVERSION = YES;
				CLANG_WARN_COMMA = YES;
				CLANG_WARN_CONSTANT_CONVERSION = YES;
				CLANG_WARN_DEPRECATED_OBJC_IMPLEMENTATIONS = YES;
				CLANG_WARN_DIRECT_OBJC_ISA_USAGE = YES_ERROR;
				CLANG_WARN_DOCUMENTATION_COMMENTS = YES;
				CLANG_WARN_EMPTY_BODY = YES;
				CLANG_WARN_ENUM_CONVERSION = YES;
				CLANG_WARN_INFINITE_RECURSION = YES;
				CLANG_WARN_INT_CONVERSION = YES;
				CLANG_WARN_NON_LITERAL_NULL_CONVERSION = YES;
				CLANG_WARN_OBJC_IMPLICIT_RETAIN_SELF = YES;
				CLANG_WARN_OBJC_LITERAL_CONVERSION = YES;
				CLANG_WARN_OBJC_ROOT_CLASS = YES_ERROR;
				CLANG_WARN_QUOTED_INCLUDE_IN_FRAMEWORK_HEADER = YES;
				CLANG_WARN_RANGE_LOOP_ANALYSIS = YES;
				CLANG_WARN_STRICT_PROTOTYPES = YES;
				CLANG_WARN_SUSPICIOUS_MOVE = YES;
				CLANG_WARN_UNGUARDED_AVAILABILITY = YES_AGGRESSIVE;
				CLANG_WARN_UNREACHABLE_CODE = YES;
				CLANG_WARN__DUPLICATE_METHOD_MATCH = YES;
				COPY_PHASE_STRIP = NO;
				DEBUG_INFORMATION_FORMAT = "dwarf-with-dsym";
				DEVELOPMENT_TEAM = Q74A2VY23K;
				ENABLE_NS_ASSERTIONS = NO;
				ENABLE_STRICT_OBJC_MSGSEND = YES;
				ENABLE_USER_SCRIPT_SANDBOXING = YES;
				GCC_C_LANGUAGE_STANDARD = gnu17;
				GCC_NO_COMMON_BLOCKS = YES;
				GCC_WARN_64_TO_32_BIT_CONVERSION = YES;
				GCC_WARN_ABOUT_RETURN_TYPE = YES_ERROR;
				GCC_WARN_UNDECLARED_SELECTOR = YES;
				GCC_WARN_UNINITIALIZED_AUTOS = YES_AGGRESSIVE;
				GCC_WARN_UNUSED_FUNCTION = YES;
				GCC_WARN_UNUSED_VARIABLE = YES;
				LOCALIZATION_PREFERS_STRING_CATALOGS = YES;
				MACOSX_DEPLOYMENT_TARGET = 15.5;
				MTL_ENABLE_DEBUG_INFO = NO;
				MTL_FAST_MATH = YES;
				SDKROOT = macosx;
				SWIFT_COMPILATION_MODE = wholemodule;
			};
			name = Release;
		};
		3D19E6D82EA05EFC00103CD9 /* Debug */ = {
			isa = XCBuildConfiguration;
			buildSettings = {
				ASSETCATALOG_COMPILER_APPICON_NAME = AppIcon;
				ASSETCATALOG_COMPILER_GLOBAL_ACCENT_COLOR_NAME = AccentColor;
				CODE_SIGN_ENTITLEMENTS = LARBenchmark/LARBenchmark.entitlements;
				CODE_SIGN_STYLE = Automatic;
				COMBINE_HIDPI_IMAGES = YES;
				CURRENT_PROJECT_VERSION = 1;
				DEVELOPMENT_TEAM = Q74A2VY23K;
				ENABLE_HARDENED_RUNTIME = YES;
				ENABLE_PREVIEWS = YES;
				GENERATE_INFOPLIST_FILE = YES;
				INFOPLIST_KEY_NSHumanReadableCopyright = "";
				LD_RUNPATH_SEARCH_PATHS = (
					"$(inherited)",
					"@executable_path/../Frameworks",
				);
				MARKETING_VERSION = 1.0;
				PRODUCT_BUNDLE_IDENTIFIER = com.kobejean.LARBenchmark;
				PRODUCT_NAME = "$(TARGET_NAME)";
				REGISTER_APP_GROUPS = YES;
				SWIFT_EMIT_LOC_STRINGS = YES;
				SWIFT_VERSION = 5.0;
			};
			name = Debug;
		};
		3D19E6D92EA05EFC00103CD9 /* Release */ = {
			isa = XCBuildConfiguration;
			buildSettings = {
				ASSETCATALOG_COMPILER_APPICON_NAME = AppIcon;
				ASSETCATALOG_COMPILER_GLOBAL_ACCENT_COLOR_NAME = AccentColor;
				CODE_SIGN_ENTITLEMENTS = LARBenchmark/LARBenchmark.entitlements;
				CODE_SIGN_STYLE = Automatic;
				COMBINE_HIDPI_IMAGES = YES;
				CURRENT_PROJECT_VERSION = 1;
				DEVELOPMENT_TEAM = Q74A2VY23K;
				ENABLE_HARDENED_RUNTIME = YES;
				ENABLE_PREVIEWS = YES;
				GENERATE_INFOPLIST_FILE = YES;
				INFOPLIST_KEY_NSHumanReadableCopyright = "";
				LD_RUNPATH_SEARCH_PATHS = (
					"$(inherited)",
					"@executable_path/../Frameworks",
				);
				MARKETING_VERSION = 1.0;
				PRODUCT_BUNDLE_IDENTIFIER = com.kobejean.LARBenchmark;
				PRODUCT_NAME = "$(TARGET_NAME)";
				REGISTER_APP_GROUPS = YES;
				SWIFT_EMIT_LOC_STRINGS = YES;
				SWIFT_VERSION = 5.0;
			};
			name = Release;
		};
		3D19E6DB2EA05EFC00103CD9 /* Debug */ = {
			isa = XCBuildConfiguration;
			buildSettings = {
				BUNDLE_LOADER = "$(TEST_HOST)";
				CODE_SIGN_STYLE = Automatic;
				CURRENT_PROJECT_VERSION = 1;
				DEVELOPMENT_TEAM = Q74A2VY23K;
				GENERATE_INFOPLIST_FILE = YES;
				MACOSX_DEPLOYMENT_TARGET = 15.5;
				MARKETING_VERSION = 1.0;
				PRODUCT_BUNDLE_IDENTIFIER = com.kobejean.LARBenchmarkTests;
				PRODUCT_NAME = "$(TARGET_NAME)";
				SWIFT_EMIT_LOC_STRINGS = NO;
				SWIFT_VERSION = 5.0;
				TEST_HOST = "$(BUILT_PRODUCTS_DIR)/LARBenchmark.app/$(BUNDLE_EXECUTABLE_FOLDER_PATH)/LARBenchmark";
			};
			name = Debug;
		};
		3D19E6DC2EA05EFC00103CD9 /* Release */ = {
			isa = XCBuildConfiguration;
			buildSettings = {
				BUNDLE_LOADER = "$(TEST_HOST)";
				CODE_SIGN_STYLE = Automatic;
				CURRENT_PROJECT_VERSION = 1;
				DEVELOPMENT_TEAM = Q74A2VY23K;
				GENERATE_INFOPLIST_FILE = YES;
				MACOSX_DEPLOYMENT_TARGET = 15.5;
				MARKETING_VERSION = 1.0;
				PRODUCT_BUNDLE_IDENTIFIER = com.kobejean.LARBenchmarkTests;
				PRODUCT_NAME = "$(TARGET_NAME)";
				SWIFT_EMIT_LOC_STRINGS = NO;
				SWIFT_VERSION = 5.0;
				TEST_HOST = "$(BUILT_PRODUCTS_DIR)/LARBenchmark.app/$(BUNDLE_EXECUTABLE_FOLDER_PATH)/LARBenchmark";
			};
			name = Release;
		};
		3D19E6DE2EA05EFC00103CD9 /* Debug */ = {
			isa = XCBuildConfiguration;
			buildSettings = {
				CODE_SIGN_STYLE = Automatic;
				CURRENT_PROJECT_VERSION = 1;
				DEVELOPMENT_TEAM = Q74A2VY23K;
				GENERATE_INFOPLIST_FILE = YES;
				MARKETING_VERSION = 1.0;
				PRODUCT_BUNDLE_IDENTIFIER = com.kobejean.LARBenchmarkUITests;
				PRODUCT_NAME = "$(TARGET_NAME)";
				SWIFT_EMIT_LOC_STRINGS = NO;
				SWIFT_VERSION = 5.0;
				TEST_TARGET_NAME = LARBenchmark;
			};
			name = Debug;
		};
		3D19E6DF2EA05EFC00103CD9 /* Release */ = {
			isa = XCBuildConfiguration;
			buildSettings = {
				CODE_SIGN_STYLE = Automatic;
				CURRENT_PROJECT_VERSION = 1;
				DEVELOPMENT_TEAM = Q74A2VY23K;
				GENERATE_INFOPLIST_FILE = YES;
				MARKETING_VERSION = 1.0;
				PRODUCT_BUNDLE_IDENTIFIER = com.kobejean.LARBenchmarkUITests;
				PRODUCT_NAME = "$(TARGET_NAME)";
				SWIFT_EMIT_LOC_STRINGS = NO;
				SWIFT_VERSION = 5.0;
				TEST_TARGET_NAME = LARBenchmark;
			};
			name = Release;
		};
/* End XCBuildConfiguration section */

/* Begin XCConfigurationList section */
		3D19E6B02EA05EFA00103CD9 /* Build configuration list for PBXProject "LARBenchmark" */ = {
			isa = XCConfigurationList;
			buildConfigurations = (
				3D19E6D52EA05EFC00103CD9 /* Debug */,
				3D19E6D62EA05EFC00103CD9 /* Release */,
			);
			defaultConfigurationIsVisible = 0;
			defaultConfigurationName = Release;
		};
		3D19E6D72EA05EFC00103CD9 /* Build configuration list for PBXNativeTarget "LARBenchmark" */ = {
			isa = XCConfigurationList;
			buildConfigurations = (
				3D19E6D82EA05EFC00103CD9 /* Debug */,
				3D19E6D92EA05EFC00103CD9 /* Release */,
			);
			defaultConfigurationIsVisible = 0;
			defaultConfigurationName = Release;
		};
		3D19E6DA2EA05EFC00103CD9 /* Build configuration list for PBXNativeTarget "LARBenchmarkTests" */ = {
			isa = XCConfigurationList;
			buildConfigurations = (
				3D19E6DB2EA05EFC00103CD9 /* Debug */,
				3D19E6DC2EA05EFC00103CD9 /* Release */,
			);
			defaultConfigurationIsVisible = 0;
			defaultConfigurationName = Release;
		};
		3D19E6DD2EA05EFC00103CD9 /* Build configuration list for PBXNativeTarget "LARBenchmarkUITests" */ = {
			isa = XCConfigurationList;
			buildConfigurations = (
				3D19E6DE2EA05EFC00103CD9 /* Debug */,
				3D19E6DF2EA05EFC00103CD9 /* Release */,
			);
			defaultConfigurationIsVisible = 0;
			defaultConfigurationName = Release;
		};
/* End XCConfigurationList section */

/* Begin XCLocalSwiftPackageReference section */
		3D19E7192EA0602700103CD9 /* XCLocalSwiftPackageReference "../../../lar-swift" */ = {
			isa = XCLocalSwiftPackageReference;
			relativePath = "../../../lar-swift";
		};
/* End XCLocalSwiftPackageReference section */

/* Begin XCSwiftPackageProductDependency section */
		3D04EEF72EA060CC0032E216 /* LocalizeAR */ = {
			isa = XCSwiftPackageProductDependency;
			package = 3D19E7192EA0602700103CD9 /* XCLocalSwiftPackageReference "../../../lar-swift" */;
			productName = LocalizeAR;
		};
/* End XCSwiftPackageProductDependency section */
	};
	rootObject = 3D19E6AD2EA05EFA00103CD9 /* Project object */;
}
